
Microsoft Visual Studio Solution File, Format Version 12.00
# Visual Studio Version 16
VisualStudioVersion = 16.0.30011.22
MinimumVisualStudioVersion = 10.0.40219.1
Project("{FAE04EC0-301F-11D3-BF4B-00C04F79EFBC}") = "ProfessorFeedback", "ProfessorFeedback.csproj", "{C19CB624-A2C0-4FC7-9F40-1F7F66E5964C}"
EndProject
Global
	GlobalSection(SolutionConfigurationPlatforms) = preSolution
		Debug|Any CPU = Debug|Any CPU
		Release|Any CPU = Release|Any CPU
	EndGlobalSection
	GlobalSection(ProjectConfigurationPlatforms) = postSolution
		{C19CB624-A2C0-4FC7-9F40-1F7F66E5964C}.Debug|Any CPU.ActiveCfg = Debug|Any CPU
		{C19CB624-A2C0-4FC7-9F40-1F7F66E5964C}.Debug|Any CPU.Build.0 = Debug|Any CPU
		{C19CB624-A2C0-4FC7-9F40-1F7F66E5964C}.Release|Any CPU.ActiveCfg = Release|Any CPU
		{C19CB624-A2C0-4FC7-9F40-1F7F66E5964C}.Release|Any CPU.Build.0 = Release|Any CPU
	EndGlobalSection
	GlobalSection(SolutionProperties) = preSolution
		HideSolutionNode = FALSE
	EndGlobalSection
	GlobalSection(ExtensibilityGlobals) = postSolution
		SolutionGuid = {38F3B9E7-B6C0-45D0-B6E5-BB90BE6764DE}
	EndGlobalSection
EndGlobal
